
Microsoft Visual Studio Solution File, Format Version 12.00
# Visual Studio Version 16
VisualStudioVersion = 16.0.32126.315
MinimumVisualStudioVersion = 10.0.40219.1
Project("{2150E333-8FDC-42A3-9474-1A3956D46DE8}") = "Services", "Services", "{D93E709F-D54A-4970-966F-56527FC7AD9D}"
EndProject
Project("{2150E333-8FDC-42A3-9474-1A3956D46DE8}") = "01. Sufragante", "01. Sufragante", "{5B3CA52F-9038-486B-B81F-DFB17E38F76F}"
EndProject
Project("{2150E333-8FDC-42A3-9474-1A3956D46DE8}") = "01. Api", "01. Api", "{2C39E30D-C8F7-482B-AF76-6C03B200C67F}"
EndProject
Project("{2150E333-8FDC-42A3-9474-1A3956D46DE8}") = "02. Services", "02. Services", "{5B1D664B-1029-4EF0-B464-E58481F9B0B0}"
EndProject
Project("{2150E333-8FDC-42A3-9474-1A3956D46DE8}") = "03. Persistence", "03. Persistence", "{35BC71A8-F243-43E0-A464-92B9E571890F}"
EndProject
Project("{2150E333-8FDC-42A3-9474-1A3956D46DE8}") = "04. Models", "04. Models", "{F80A9B53-2881-4064-ADDB-F354F4657AAF}"
EndProject
Project("{2150E333-8FDC-42A3-9474-1A3956D46DE8}") = "05. Testing", "05. Testing", "{865695B7-5114-4DEC-B2E0-1ACDAF533D1B}"
EndProject
Project("{9A19103F-16F7-4668-BE54-9A1E7A4F7556}") = "Sufragantes.Domain", "Src\Services\Sufragantes\Sufragantes.Domain\Sufragantes.Domain.csproj", "{24B4C7BB-0294-4A56-868F-FEB029AA8D96}"
EndProject
Project("{9A19103F-16F7-4668-BE54-9A1E7A4F7556}") = "Sufragantes.Persistence.Database", "Src\Services\Sufragantes\Sufragantes.Persistence.Database\Sufragantes.Persistence.Database.csproj", "{4DD9B4FD-CB0B-4840-AFE7-BC7598AEE3B8}"
EndProject
Project("{9A19103F-16F7-4668-BE54-9A1E7A4F7556}") = "Sufragantes.Service.Queries", "Src\Services\Sufragantes\Sufragantes.Service.Queries\Sufragantes.Service.Queries.csproj", "{02410D5A-7D79-44A9-89F8-A581F9ED695B}"
EndProject
Project("{2150E333-8FDC-42A3-9474-1A3956D46DE8}") = "06. Common", "06. Common", "{47A9FC8B-C64C-4FA8-97A2-239B96D7D2F7}"
EndProject
Project("{9A19103F-16F7-4668-BE54-9A1E7A4F7556}") = "Service.Common.Collection", "Src\Services\Service.Common.Collection\Service.Common.Collection.csproj", "{B6913AA9-2B33-44A2-97EE-22EA67F32535}"
EndProject
Project("{9A19103F-16F7-4668-BE54-9A1E7A4F7556}") = "Service.Common.Mapping", "Src\Services\Service.Common.Mapping\Service.Common.Mapping.csproj", "{A801C24D-0CC3-444F-AE63-F1845B1444D3}"
EndProject
Project("{9A19103F-16F7-4668-BE54-9A1E7A4F7556}") = "Service.Common.Paging", "Src\Services\Service.Common.Paging\Service.Common.Paging.csproj", "{DD0BFB73-D7C2-4245-99DD-A1C67C161CD1}"
EndProject
Project("{9A19103F-16F7-4668-BE54-9A1E7A4F7556}") = "Sufragantes.Api", "Src\Services\Sufragantes\Sufragantes.Api\Sufragantes.Api.csproj", "{001E44A1-5CE9-4859-8148-7D9CAF09C7E1}"
EndProject
Project("{9A19103F-16F7-4668-BE54-9A1E7A4F7556}") = "Sufragantes.Service.EventHandlers", "Src\Services\Sufragantes\Sufragantes.Service.EventHandlers\Sufragantes.Service.EventHandlers.csproj", "{BCBAF382-732F-47EE-9D09-73B73567F2CE}"
EndProject
Project("{2150E333-8FDC-42A3-9474-1A3956D46DE8}") = "02. Candidato", "02. Candidato", "{A42A40FC-B495-473B-9353-0544DDA2C45D}"
EndProject
Project("{2150E333-8FDC-42A3-9474-1A3956D46DE8}") = "01. Api", "01. Api", "{DF467621-C17F-47E3-AED8-A8BA3E60816A}"
EndProject
Project("{2150E333-8FDC-42A3-9474-1A3956D46DE8}") = "02. Services", "02. Services", "{E0A9D39F-8E1C-4335-85C5-7323DFBD8C35}"
EndProject
Project("{2150E333-8FDC-42A3-9474-1A3956D46DE8}") = "03. Persistence", "03. Persistence", "{18A9CA44-2157-4C36-9C3E-1142D624FBBF}"
EndProject
Project("{2150E333-8FDC-42A3-9474-1A3956D46DE8}") = "04. Models", "04. Models", "{DEA81D2A-46AE-41B0-A3F0-488A88638202}"
EndProject
Project("{2150E333-8FDC-42A3-9474-1A3956D46DE8}") = "05. Testing", "05. Testing", "{068EEEBC-86CC-412F-A0C4-07DC9484F477}"
EndProject
Project("{9A19103F-16F7-4668-BE54-9A1E7A4F7556}") = "Candidatos.Domain", "Src\Services\Candidatos\Candidatos.Domain\Candidatos.Domain.csproj", "{84C3A7AC-5F1C-4022-B860-11B5A544311A}"
EndProject
Project("{9A19103F-16F7-4668-BE54-9A1E7A4F7556}") = "Candidatos.Persistence.Database", "Src\Services\Candidatos\Candidatos.Persistence.Database\Candidatos.Persistence.Database.csproj", "{B9BD6AEE-7037-4F05-B60F-B5B10139269B}"
EndProject
Project("{9A19103F-16F7-4668-BE54-9A1E7A4F7556}") = "Candidatos.Service.Queries", "Src\Services\Candidatos\Candidatos.Service.Queries\Candidatos.Service.Queries.csproj", "{2D15605C-C6F4-4DC5-AFC4-0B04057A3EC0}"
EndProject
Project("{9A19103F-16F7-4668-BE54-9A1E7A4F7556}") = "Candidatos.Api", "Src\Services\Candidatos\Candidatos.Api\Candidatos.Api.csproj", "{3467FA87-4662-4341-A1EE-F7418751452E}"
EndProject
Project("{9A19103F-16F7-4668-BE54-9A1E7A4F7556}") = "Candidatos.Service.EventHandlers", "Src\Services\Candidatos\Candidatos.Service.EventHandlers\Candidatos.Service.EventHandlers.csproj", "{7BA5B5C5-0F6E-4893-A26B-067E9F1930B3}"
EndProject
Project("{2150E333-8FDC-42A3-9474-1A3956D46DE8}") = "03. Eleccion", "03. Eleccion", "{47C10DD5-4274-4503-949B-46A8429EA18B}"
EndProject
Project("{2150E333-8FDC-42A3-9474-1A3956D46DE8}") = "01. Api", "01. Api", "{18C5F155-0BBD-4CF4-9AEC-014836868460}"
EndProject
Project("{2150E333-8FDC-42A3-9474-1A3956D46DE8}") = "02. Services", "02. Services", "{2C4CCB87-7DC3-4C72-BF08-A385DEC56D4C}"
EndProject
Project("{2150E333-8FDC-42A3-9474-1A3956D46DE8}") = "03. Persistence", "03. Persistence", "{4E9AD9C1-509E-47C4-BFD2-D8ED173E56B6}"
EndProject
Project("{2150E333-8FDC-42A3-9474-1A3956D46DE8}") = "04. Models", "04. Models", "{ECC8094E-35F7-4AFA-A818-E028AFDCBB9A}"
EndProject
Project("{2150E333-8FDC-42A3-9474-1A3956D46DE8}") = "05. Testing", "05. Testing", "{FF1CE43E-402E-4650-8860-313F7FD2B7E8}"
EndProject
Project("{9A19103F-16F7-4668-BE54-9A1E7A4F7556}") = "Elecciones.Domain", "Src\Services\Elecciones\Elecciones.Domain\Elecciones.Domain.csproj", "{28A1F097-CF2A-4ABD-A645-424AD12A80A5}"
EndProject
Project("{9A19103F-16F7-4668-BE54-9A1E7A4F7556}") = "Elecciones.Persistence.Database", "Src\Services\Elecciones\Elecciones.Persistence.Database\Elecciones.Persistence.Database.csproj", "{92729E57-7ACB-4DEE-8D94-4C263A62E90F}"
EndProject
Project("{9A19103F-16F7-4668-BE54-9A1E7A4F7556}") = "Elecciones.Service.EventHandlers", "Src\Services\Elecciones\Elecciones.Service.EventHandlers\Elecciones.Service.EventHandlers.csproj", "{34671F0A-1EB1-4922-896C-BFC15C1CFF10}"
EndProject
Project("{9A19103F-16F7-4668-BE54-9A1E7A4F7556}") = "Elecciones.Api", "Src\Services\Elecciones\Elecciones.Api\Elecciones.Api.csproj", "{050CF1D9-0DB9-4C9F-BBE0-AC40700F4306}"
EndProject
Project("{FAE04EC0-301F-11D3-BF4B-00C04F79EFBC}") = "Elecciones.Service.Query", "Src\Services\Elecciones\Elecciones.Service.Query\Elecciones.Service.Query.csproj", "{BE46FFC4-B4DF-4E49-896B-9A14D3A0ED0E}"
EndProject
Project("{2150E333-8FDC-42A3-9474-1A3956D46DE8}") = "04. Votacion", "04. Votacion", "{0422FC36-656C-45BE-854E-26DFF08AF6B0}"
EndProject
Project("{2150E333-8FDC-42A3-9474-1A3956D46DE8}") = "01. Api", "01. Api", "{167080B4-9FCF-4F14-A78E-703B6149914E}"
EndProject
Project("{2150E333-8FDC-42A3-9474-1A3956D46DE8}") = "02. Services", "02. Services", "{88131A3E-5399-4483-B8D0-E52BA3B10CCD}"
EndProject
Project("{2150E333-8FDC-42A3-9474-1A3956D46DE8}") = "03. Persistence", "03. Persistence", "{481F9BA2-B152-40FB-8E7A-F177AF7B8058}"
EndProject
Project("{2150E333-8FDC-42A3-9474-1A3956D46DE8}") = "04. Models", "04. Models", "{037E58FF-A387-4601-93E5-B1C172A6DED6}"
EndProject
Project("{2150E333-8FDC-42A3-9474-1A3956D46DE8}") = "05. Testing", "05. Testing", "{4C5425A1-2CF0-4711-A62B-91411A22E750}"
EndProject
Project("{FAE04EC0-301F-11D3-BF4B-00C04F79EFBC}") = "Votaciones.Domain", "Src\Services\Votaciones\Votaciones.Domain\Votaciones.Domain.csproj", "{DD36CB75-5039-416C-A902-E47CC6500412}"
EndProject
Project("{FAE04EC0-301F-11D3-BF4B-00C04F79EFBC}") = "Votaciones.Persistence.Database", "Src\Services\Votaciones\Votaciones.Persistence.Database\Votaciones.Persistence.Database.csproj", "{356D54D2-213A-4EF3-894B-0E4EE0767574}"
EndProject
Project("{FAE04EC0-301F-11D3-BF4B-00C04F79EFBC}") = "Votaciones.Service.Query", "Src\Services\Votaciones\Votaciones.Service.Query\Votaciones.Service.Query.csproj", "{76A6FBD8-E62F-433B-8E65-7EE3D6DAFFFF}"
EndProject
Project("{FAE04EC0-301F-11D3-BF4B-00C04F79EFBC}") = "Votaciones.Service.EventHandlers", "Src\Services\Votaciones\Votaciones.Service.EventHandlers\Votaciones.Service.EventHandlers.csproj", "{57B9C825-1C54-4285-8569-FD1C80FF42E7}"
EndProject
Project("{FAE04EC0-301F-11D3-BF4B-00C04F79EFBC}") = "Votaciones.Api", "Src\Services\Votaciones\Votaciones.Api\Votaciones.Api.csproj", "{17970151-A54A-45D5-A79D-6B748F0F87BB}"
EndProject
Global
	GlobalSection(SolutionConfigurationPlatforms) = preSolution
		Debug|Any CPU = Debug|Any CPU
		Release|Any CPU = Release|Any CPU
	EndGlobalSection
	GlobalSection(ProjectConfigurationPlatforms) = postSolution
		{24B4C7BB-0294-4A56-868F-FEB029AA8D96}.Debug|Any CPU.ActiveCfg = Debug|Any CPU
		{24B4C7BB-0294-4A56-868F-FEB029AA8D96}.Debug|Any CPU.Build.0 = Debug|Any CPU
		{24B4C7BB-0294-4A56-868F-FEB029AA8D96}.Release|Any CPU.ActiveCfg = Release|Any CPU
		{24B4C7BB-0294-4A56-868F-FEB029AA8D96}.Release|Any CPU.Build.0 = Release|Any CPU
		{4DD9B4FD-CB0B-4840-AFE7-BC7598AEE3B8}.Debug|Any CPU.ActiveCfg = Debug|Any CPU
		{4DD9B4FD-CB0B-4840-AFE7-BC7598AEE3B8}.Debug|Any CPU.Build.0 = Debug|Any CPU
		{4DD9B4FD-CB0B-4840-AFE7-BC7598AEE3B8}.Release|Any CPU.ActiveCfg = Release|Any CPU
		{4DD9B4FD-CB0B-4840-AFE7-BC7598AEE3B8}.Release|Any CPU.Build.0 = Release|Any CPU
		{02410D5A-7D79-44A9-89F8-A581F9ED695B}.Debug|Any CPU.ActiveCfg = Debug|Any CPU
		{02410D5A-7D79-44A9-89F8-A581F9ED695B}.Debug|Any CPU.Build.0 = Debug|Any CPU
		{02410D5A-7D79-44A9-89F8-A581F9ED695B}.Release|Any CPU.ActiveCfg = Release|Any CPU
		{02410D5A-7D79-44A9-89F8-A581F9ED695B}.Release|Any CPU.Build.0 = Release|Any CPU
		{B6913AA9-2B33-44A2-97EE-22EA67F32535}.Debug|Any CPU.ActiveCfg = Debug|Any CPU
		{B6913AA9-2B33-44A2-97EE-22EA67F32535}.Debug|Any CPU.Build.0 = Debug|Any CPU
		{B6913AA9-2B33-44A2-97EE-22EA67F32535}.Release|Any CPU.ActiveCfg = Release|Any CPU
		{B6913AA9-2B33-44A2-97EE-22EA67F32535}.Release|Any CPU.Build.0 = Release|Any CPU
		{A801C24D-0CC3-444F-AE63-F1845B1444D3}.Debug|Any CPU.ActiveCfg = Debug|Any CPU
		{A801C24D-0CC3-444F-AE63-F1845B1444D3}.Debug|Any CPU.Build.0 = Debug|Any CPU
		{A801C24D-0CC3-444F-AE63-F1845B1444D3}.Release|Any CPU.ActiveCfg = Release|Any CPU
		{A801C24D-0CC3-444F-AE63-F1845B1444D3}.Release|Any CPU.Build.0 = Release|Any CPU
		{DD0BFB73-D7C2-4245-99DD-A1C67C161CD1}.Debug|Any CPU.ActiveCfg = Debug|Any CPU
		{DD0BFB73-D7C2-4245-99DD-A1C67C161CD1}.Debug|Any CPU.Build.0 = Debug|Any CPU
		{DD0BFB73-D7C2-4245-99DD-A1C67C161CD1}.Release|Any CPU.ActiveCfg = Release|Any CPU
		{DD0BFB73-D7C2-4245-99DD-A1C67C161CD1}.Release|Any CPU.Build.0 = Release|Any CPU
		{001E44A1-5CE9-4859-8148-7D9CAF09C7E1}.Debug|Any CPU.ActiveCfg = Debug|Any CPU
		{001E44A1-5CE9-4859-8148-7D9CAF09C7E1}.Debug|Any CPU.Build.0 = Debug|Any CPU
		{001E44A1-5CE9-4859-8148-7D9CAF09C7E1}.Release|Any CPU.ActiveCfg = Release|Any CPU
		{001E44A1-5CE9-4859-8148-7D9CAF09C7E1}.Release|Any CPU.Build.0 = Release|Any CPU
		{BCBAF382-732F-47EE-9D09-73B73567F2CE}.Debug|Any CPU.ActiveCfg = Debug|Any CPU
		{BCBAF382-732F-47EE-9D09-73B73567F2CE}.Debug|Any CPU.Build.0 = Debug|Any CPU
		{BCBAF382-732F-47EE-9D09-73B73567F2CE}.Release|Any CPU.ActiveCfg = Release|Any CPU
		{BCBAF382-732F-47EE-9D09-73B73567F2CE}.Release|Any CPU.Build.0 = Release|Any CPU
		{84C3A7AC-5F1C-4022-B860-11B5A544311A}.Debug|Any CPU.ActiveCfg = Debug|Any CPU
		{84C3A7AC-5F1C-4022-B860-11B5A544311A}.Debug|Any CPU.Build.0 = Debug|Any CPU
		{84C3A7AC-5F1C-4022-B860-11B5A544311A}.Release|Any CPU.ActiveCfg = Release|Any CPU
		{84C3A7AC-5F1C-4022-B860-11B5A544311A}.Release|Any CPU.Build.0 = Release|Any CPU
		{B9BD6AEE-7037-4F05-B60F-B5B10139269B}.Debug|Any CPU.ActiveCfg = Debug|Any CPU
		{B9BD6AEE-7037-4F05-B60F-B5B10139269B}.Debug|Any CPU.Build.0 = Debug|Any CPU
		{B9BD6AEE-7037-4F05-B60F-B5B10139269B}.Release|Any CPU.ActiveCfg = Release|Any CPU
		{B9BD6AEE-7037-4F05-B60F-B5B10139269B}.Release|Any CPU.Build.0 = Release|Any CPU
		{2D15605C-C6F4-4DC5-AFC4-0B04057A3EC0}.Debug|Any CPU.ActiveCfg = Debug|Any CPU
		{2D15605C-C6F4-4DC5-AFC4-0B04057A3EC0}.Debug|Any CPU.Build.0 = Debug|Any CPU
		{2D15605C-C6F4-4DC5-AFC4-0B04057A3EC0}.Release|Any CPU.ActiveCfg = Release|Any CPU
		{2D15605C-C6F4-4DC5-AFC4-0B04057A3EC0}.Release|Any CPU.Build.0 = Release|Any CPU
		{3467FA87-4662-4341-A1EE-F7418751452E}.Debug|Any CPU.ActiveCfg = Debug|Any CPU
		{3467FA87-4662-4341-A1EE-F7418751452E}.Debug|Any CPU.Build.0 = Debug|Any CPU
		{3467FA87-4662-4341-A1EE-F7418751452E}.Release|Any CPU.ActiveCfg = Release|Any CPU
		{3467FA87-4662-4341-A1EE-F7418751452E}.Release|Any CPU.Build.0 = Release|Any CPU
		{7BA5B5C5-0F6E-4893-A26B-067E9F1930B3}.Debug|Any CPU.ActiveCfg = Debug|Any CPU
		{7BA5B5C5-0F6E-4893-A26B-067E9F1930B3}.Debug|Any CPU.Build.0 = Debug|Any CPU
		{7BA5B5C5-0F6E-4893-A26B-067E9F1930B3}.Release|Any CPU.ActiveCfg = Release|Any CPU
		{7BA5B5C5-0F6E-4893-A26B-067E9F1930B3}.Release|Any CPU.Build.0 = Release|Any CPU
		{28A1F097-CF2A-4ABD-A645-424AD12A80A5}.Debug|Any CPU.ActiveCfg = Debug|Any CPU
		{28A1F097-CF2A-4ABD-A645-424AD12A80A5}.Debug|Any CPU.Build.0 = Debug|Any CPU
		{28A1F097-CF2A-4ABD-A645-424AD12A80A5}.Release|Any CPU.ActiveCfg = Release|Any CPU
		{28A1F097-CF2A-4ABD-A645-424AD12A80A5}.Release|Any CPU.Build.0 = Release|Any CPU
		{92729E57-7ACB-4DEE-8D94-4C263A62E90F}.Debug|Any CPU.ActiveCfg = Debug|Any CPU
		{92729E57-7ACB-4DEE-8D94-4C263A62E90F}.Debug|Any CPU.Build.0 = Debug|Any CPU
		{92729E57-7ACB-4DEE-8D94-4C263A62E90F}.Release|Any CPU.ActiveCfg = Release|Any CPU
		{92729E57-7ACB-4DEE-8D94-4C263A62E90F}.Release|Any CPU.Build.0 = Release|Any CPU
		{34671F0A-1EB1-4922-896C-BFC15C1CFF10}.Debug|Any CPU.ActiveCfg = Debug|Any CPU
		{34671F0A-1EB1-4922-896C-BFC15C1CFF10}.Debug|Any CPU.Build.0 = Debug|Any CPU
		{34671F0A-1EB1-4922-896C-BFC15C1CFF10}.Release|Any CPU.ActiveCfg = Release|Any CPU
		{34671F0A-1EB1-4922-896C-BFC15C1CFF10}.Release|Any CPU.Build.0 = Release|Any CPU
		{050CF1D9-0DB9-4C9F-BBE0-AC40700F4306}.Debug|Any CPU.ActiveCfg = Debug|Any CPU
		{050CF1D9-0DB9-4C9F-BBE0-AC40700F4306}.Debug|Any CPU.Build.0 = Debug|Any CPU
		{050CF1D9-0DB9-4C9F-BBE0-AC40700F4306}.Release|Any CPU.ActiveCfg = Release|Any CPU
		{050CF1D9-0DB9-4C9F-BBE0-AC40700F4306}.Release|Any CPU.Build.0 = Release|Any CPU
		{BE46FFC4-B4DF-4E49-896B-9A14D3A0ED0E}.Debug|Any CPU.ActiveCfg = Debug|Any CPU
		{BE46FFC4-B4DF-4E49-896B-9A14D3A0ED0E}.Debug|Any CPU.Build.0 = Debug|Any CPU
		{BE46FFC4-B4DF-4E49-896B-9A14D3A0ED0E}.Release|Any CPU.ActiveCfg = Release|Any CPU
		{BE46FFC4-B4DF-4E49-896B-9A14D3A0ED0E}.Release|Any CPU.Build.0 = Release|Any CPU
		{DD36CB75-5039-416C-A902-E47CC6500412}.Debug|Any CPU.ActiveCfg = Debug|Any CPU
		{DD36CB75-5039-416C-A902-E47CC6500412}.Debug|Any CPU.Build.0 = Debug|Any CPU
		{DD36CB75-5039-416C-A902-E47CC6500412}.Release|Any CPU.ActiveCfg = Release|Any CPU
		{DD36CB75-5039-416C-A902-E47CC6500412}.Release|Any CPU.Build.0 = Release|Any CPU
		{356D54D2-213A-4EF3-894B-0E4EE0767574}.Debug|Any CPU.ActiveCfg = Debug|Any CPU
		{356D54D2-213A-4EF3-894B-0E4EE0767574}.Debug|Any CPU.Build.0 = Debug|Any CPU
		{356D54D2-213A-4EF3-894B-0E4EE0767574}.Release|Any CPU.ActiveCfg = Release|Any CPU
		{356D54D2-213A-4EF3-894B-0E4EE0767574}.Release|Any CPU.Build.0 = Release|Any CPU
		{76A6FBD8-E62F-433B-8E65-7EE3D6DAFFFF}.Debug|Any CPU.ActiveCfg = Debug|Any CPU
		{76A6FBD8-E62F-433B-8E65-7EE3D6DAFFFF}.Debug|Any CPU.Build.0 = Debug|Any CPU
		{76A6FBD8-E62F-433B-8E65-7EE3D6DAFFFF}.Release|Any CPU.ActiveCfg = Release|Any CPU
		{76A6FBD8-E62F-433B-8E65-7EE3D6DAFFFF}.Release|Any CPU.Build.0 = Release|Any CPU
		{57B9C825-1C54-4285-8569-FD1C80FF42E7}.Debug|Any CPU.ActiveCfg = Debug|Any CPU
		{57B9C825-1C54-4285-8569-FD1C80FF42E7}.Debug|Any CPU.Build.0 = Debug|Any CPU
		{57B9C825-1C54-4285-8569-FD1C80FF42E7}.Release|Any CPU.ActiveCfg = Release|Any CPU
		{57B9C825-1C54-4285-8569-FD1C80FF42E7}.Release|Any CPU.Build.0 = Release|Any CPU
		{17970151-A54A-45D5-A79D-6B748F0F87BB}.Debug|Any CPU.ActiveCfg = Debug|Any CPU
		{17970151-A54A-45D5-A79D-6B748F0F87BB}.Debug|Any CPU.Build.0 = Debug|Any CPU
		{17970151-A54A-45D5-A79D-6B748F0F87BB}.Release|Any CPU.ActiveCfg = Release|Any CPU
		{17970151-A54A-45D5-A79D-6B748F0F87BB}.Release|Any CPU.Build.0 = Release|Any CPU
	EndGlobalSection
	GlobalSection(SolutionProperties) = preSolution
		HideSolutionNode = FALSE
	EndGlobalSection
	GlobalSection(NestedProjects) = preSolution
		{5B3CA52F-9038-486B-B81F-DFB17E38F76F} = {D93E709F-D54A-4970-966F-56527FC7AD9D}
		{2C39E30D-C8F7-482B-AF76-6C03B200C67F} = {5B3CA52F-9038-486B-B81F-DFB17E38F76F}
		{5B1D664B-1029-4EF0-B464-E58481F9B0B0} = {5B3CA52F-9038-486B-B81F-DFB17E38F76F}
		{35BC71A8-F243-43E0-A464-92B9E571890F} = {5B3CA52F-9038-486B-B81F-DFB17E38F76F}
		{F80A9B53-2881-4064-ADDB-F354F4657AAF} = {5B3CA52F-9038-486B-B81F-DFB17E38F76F}
		{865695B7-5114-4DEC-B2E0-1ACDAF533D1B} = {5B3CA52F-9038-486B-B81F-DFB17E38F76F}
		{24B4C7BB-0294-4A56-868F-FEB029AA8D96} = {F80A9B53-2881-4064-ADDB-F354F4657AAF}
		{4DD9B4FD-CB0B-4840-AFE7-BC7598AEE3B8} = {35BC71A8-F243-43E0-A464-92B9E571890F}
		{02410D5A-7D79-44A9-89F8-A581F9ED695B} = {5B1D664B-1029-4EF0-B464-E58481F9B0B0}
		{47A9FC8B-C64C-4FA8-97A2-239B96D7D2F7} = {D93E709F-D54A-4970-966F-56527FC7AD9D}
		{B6913AA9-2B33-44A2-97EE-22EA67F32535} = {47A9FC8B-C64C-4FA8-97A2-239B96D7D2F7}
		{A801C24D-0CC3-444F-AE63-F1845B1444D3} = {47A9FC8B-C64C-4FA8-97A2-239B96D7D2F7}
		{DD0BFB73-D7C2-4245-99DD-A1C67C161CD1} = {47A9FC8B-C64C-4FA8-97A2-239B96D7D2F7}
		{001E44A1-5CE9-4859-8148-7D9CAF09C7E1} = {2C39E30D-C8F7-482B-AF76-6C03B200C67F}
		{BCBAF382-732F-47EE-9D09-73B73567F2CE} = {5B1D664B-1029-4EF0-B464-E58481F9B0B0}
		{A42A40FC-B495-473B-9353-0544DDA2C45D} = {D93E709F-D54A-4970-966F-56527FC7AD9D}
		{DF467621-C17F-47E3-AED8-A8BA3E60816A} = {A42A40FC-B495-473B-9353-0544DDA2C45D}
		{E0A9D39F-8E1C-4335-85C5-7323DFBD8C35} = {A42A40FC-B495-473B-9353-0544DDA2C45D}
		{18A9CA44-2157-4C36-9C3E-1142D624FBBF} = {A42A40FC-B495-473B-9353-0544DDA2C45D}
		{DEA81D2A-46AE-41B0-A3F0-488A88638202} = {A42A40FC-B495-473B-9353-0544DDA2C45D}
		{068EEEBC-86CC-412F-A0C4-07DC9484F477} = {A42A40FC-B495-473B-9353-0544DDA2C45D}
		{84C3A7AC-5F1C-4022-B860-11B5A544311A} = {DEA81D2A-46AE-41B0-A3F0-488A88638202}
		{B9BD6AEE-7037-4F05-B60F-B5B10139269B} = {18A9CA44-2157-4C36-9C3E-1142D624FBBF}
		{2D15605C-C6F4-4DC5-AFC4-0B04057A3EC0} = {E0A9D39F-8E1C-4335-85C5-7323DFBD8C35}
		{3467FA87-4662-4341-A1EE-F7418751452E} = {DF467621-C17F-47E3-AED8-A8BA3E60816A}
		{7BA5B5C5-0F6E-4893-A26B-067E9F1930B3} = {E0A9D39F-8E1C-4335-85C5-7323DFBD8C35}
		{47C10DD5-4274-4503-949B-46A8429EA18B} = {D93E709F-D54A-4970-966F-56527FC7AD9D}
		{18C5F155-0BBD-4CF4-9AEC-014836868460} = {47C10DD5-4274-4503-949B-46A8429EA18B}
		{2C4CCB87-7DC3-4C72-BF08-A385DEC56D4C} = {47C10DD5-4274-4503-949B-46A8429EA18B}
		{4E9AD9C1-509E-47C4-BFD2-D8ED173E56B6} = {47C10DD5-4274-4503-949B-46A8429EA18B}
		{ECC8094E-35F7-4AFA-A818-E028AFDCBB9A} = {47C10DD5-4274-4503-949B-46A8429EA18B}
		{FF1CE43E-402E-4650-8860-313F7FD2B7E8} = {47C10DD5-4274-4503-949B-46A8429EA18B}
		{28A1F097-CF2A-4ABD-A645-424AD12A80A5} = {ECC8094E-35F7-4AFA-A818-E028AFDCBB9A}
		{92729E57-7ACB-4DEE-8D94-4C263A62E90F} = {4E9AD9C1-509E-47C4-BFD2-D8ED173E56B6}
		{34671F0A-1EB1-4922-896C-BFC15C1CFF10} = {2C4CCB87-7DC3-4C72-BF08-A385DEC56D4C}
		{050CF1D9-0DB9-4C9F-BBE0-AC40700F4306} = {18C5F155-0BBD-4CF4-9AEC-014836868460}
		{BE46FFC4-B4DF-4E49-896B-9A14D3A0ED0E} = {2C4CCB87-7DC3-4C72-BF08-A385DEC56D4C}
		{0422FC36-656C-45BE-854E-26DFF08AF6B0} = {D93E709F-D54A-4970-966F-56527FC7AD9D}
		{167080B4-9FCF-4F14-A78E-703B6149914E} = {0422FC36-656C-45BE-854E-26DFF08AF6B0}
		{88131A3E-5399-4483-B8D0-E52BA3B10CCD} = {0422FC36-656C-45BE-854E-26DFF08AF6B0}
		{481F9BA2-B152-40FB-8E7A-F177AF7B8058} = {0422FC36-656C-45BE-854E-26DFF08AF6B0}
		{037E58FF-A387-4601-93E5-B1C172A6DED6} = {0422FC36-656C-45BE-854E-26DFF08AF6B0}
		{4C5425A1-2CF0-4711-A62B-91411A22E750} = {0422FC36-656C-45BE-854E-26DFF08AF6B0}
		{DD36CB75-5039-416C-A902-E47CC6500412} = {037E58FF-A387-4601-93E5-B1C172A6DED6}
		{356D54D2-213A-4EF3-894B-0E4EE0767574} = {481F9BA2-B152-40FB-8E7A-F177AF7B8058}
		{76A6FBD8-E62F-433B-8E65-7EE3D6DAFFFF} = {88131A3E-5399-4483-B8D0-E52BA3B10CCD}
		{57B9C825-1C54-4285-8569-FD1C80FF42E7} = {88131A3E-5399-4483-B8D0-E52BA3B10CCD}
		{17970151-A54A-45D5-A79D-6B748F0F87BB} = {167080B4-9FCF-4F14-A78E-703B6149914E}
	EndGlobalSection
	GlobalSection(ExtensibilityGlobals) = postSolution
		SolutionGuid = {01798B3C-5778-430D-8806-B4FE151CEFE1}
	EndGlobalSection
EndGlobal
